<?xml version="1.0" encoding="utf-8"?>
<Project ToolsVersion="4.0" xmlns="http://schemas.microsoft.com/developer/msbuild/2003">
  <ItemGroup>
    <Filter Include="Source Files">
      <UniqueIdentifier>{4FC737F1-C7A5-4376-A066-2A32D752A2FF}</UniqueIdentifier>
      <Extensions>cpp;c;cc;cxx;def;odl;idl;hpj;bat;asm;asmx</Extensions>
    </Filter>
    <Filter Include="Header Files">
      <UniqueIdentifier>{93995380-89BD-4b04-88EB-625FBE52EBFB}</UniqueIdentifier>
      <Extensions>h;hh;hpp;hxx;hm;inl;inc;xsd</Extensions>
    </Filter>
    <Filter Include="Resource Files">
      <UniqueIdentifier>{67DA6AB6-F800-4c08-8B7A-83BB121AAD01}</UniqueIdentifier>
      <Extensions>rc;ico;cur;bmp;dlg;rc2;rct;bin;rgs;gif;jpg;jpeg;jpe;resx;tiff;tif;png;wav;mfcribbon-ms</Extensions>
    </Filter>
    <Filter Include="Header Files\Game Objects">
      <UniqueIdentifier>{7074eb50-0584-48ad-84a5-d85b28d4e1d6}</UniqueIdentifier>
    </Filter>
    <Filter Include="Header Files\Game States">
      <UniqueIdentifier>{ce1c4218-4219-4ecb-936a-8f7e380e6fc4}</UniqueIdentifier>
    </Filter>
  </ItemGroup>
  <ItemGroup>
    <ClCompile Include="Source.cpp">
      <Filter>Source Files</Filter>
    </ClCompile>
    <ClCompile Include="stdafx.cpp">
      <Filter>Header Files</Filter>
    </ClCompile>
    <ClCompile Include="Game.cpp">
      <Filter>Header Files</Filter>
    </ClCompile>
    <ClCompile Include="GameSettings.cpp">
      <Filter>Header Files</Filter>
    </ClCompile>
    <ClCompile Include="Ball.cpp">
      <Filter>Header Files\Game Objects</Filter>
    </ClCompile>
    <ClCompile Include="GameObject.cpp">
      <Filter>Header Files\Game Objects</Filter>
    </ClCompile>
    <ClCompile Include="Player.cpp">
      <Filter>Header Files\Game Objects</Filter>
    </ClCompile>
    <ClCompile Include="Scoreboard.cpp">
      <Filter>Header Files\Game Objects</Filter>
    </ClCompile>
    <ClCompile Include="Tiles.cpp">
      <Filter>Header Files\Game Objects</Filter>
    </ClCompile>
    <ClCompile Include="MainMenu.cpp">
      <Filter>Header Files\Game States</Filter>
    </ClCompile>
    <ClCompile Include="Options.cpp">
      <Filter>Header Files\Game States</Filter>
    </ClCompile>
    <ClCompile Include="GamePlay.cpp">
      <Filter>Header Files\Game States</Filter>
    </ClCompile>
    <ClCompile Include="GameplaySettings.cpp">
      <Filter>Header Files</Filter>
    </ClCompile>
    <ClCompile Include="GamePlayOptions.cpp">
      <Filter>Header Files\Game States</Filter>
    </ClCompile>
    <ClCompile Include="MultiplayerMenu.cpp">
      <Filter>Header Files\Game States</Filter>
    </ClCompile>
  </ItemGroup>
  <ItemGroup>
    <ClInclude Include="stdafx.h">
      <Filter>Header Files</Filter>
    </ClInclude>
    <ClInclude Include="Game.h">
      <Filter>Header Files</Filter>
    </ClInclude>
    <ClInclude Include="GameSettings.h">
      <Filter>Header Files</Filter>
    </ClInclude>
    <ClInclude Include="Ball.h">
      <Filter>Header Files\Game Objects</Filter>
    </ClInclude>
    <ClInclude Include="GameObject.h">
      <Filter>Header Files\Game Objects</Filter>
    </ClInclude>
    <ClInclude Include="Player.h">
      <Filter>Header Files\Game Objects</Filter>
    </ClInclude>
    <ClInclude Include="Scoreboard.h">
      <Filter>Header Files\Game Objects</Filter>
    </ClInclude>
    <ClInclude Include="Tiles.h">
      <Filter>Header Files\Game Objects</Filter>
    </ClInclude>
    <ClInclude Include="MainMenu.h">
      <Filter>Header Files\Game States</Filter>
    </ClInclude>
    <ClInclude Include="Options.h">
      <Filter>Header Files\Game States</Filter>
    </ClInclude>
    <ClInclude Include="GamePlay.h">
      <Filter>Header Files\Game States</Filter>
    </ClInclude>
    <ClInclude Include="GameState.h">
      <Filter>Header Files\Game States</Filter>
    </ClInclude>
    <ClInclude Include="GameplaySettings.h">
      <Filter>Header Files</Filter>
    </ClInclude>
    <ClInclude Include="GamePlayOptions.h">
      <Filter>Header Files\Game States</Filter>
    </ClInclude>
    <ClInclude Include="MultiplayerMenu.h">
      <Filter>Header Files\Game States</Filter>
    </ClInclude>
  </ItemGroup>
</Project>